{
  "originHash" : "0b6bd854a5dca4d4c6713ba8f1d1834175d7e0e98641be81cf300c7e7ef0c0cb",
  "pins" : [
    {
      "identity" : "highlightr",
      "kind" : "remoteSourceControl",
      "location" : "https://github.com/raspu/Highlightr.git",
      "state" : {
        "revision" : "05e7fcc63b33925cd0c1faaa205cdd5681e7bbef",
        "version" : "2.3.0"
      }
    },
    {
      "identity" : "swift-argument-parser",
      "kind" : "remoteSourceControl",
      "location" : "https://github.com/apple/swift-argument-parser",
      "state" : {
        "revision" : "6a52f3251125d74daf04fcbd5e6f08a75d074382",
        "version" : "1.8.2"
      }
    },
    {
      "identity" : "swiftterm",
      "kind" : "remoteSourceControl",
      "location" : "https://github.com/migueldeicaza/SwiftTerm.git",
      "state" : {
        "revision" : "24a68bcadc479d945c7ca32f21ac0a8ab895c690"
      }
    }
  ],
  "version" : 3
}
